
Microsoft Visual Studio Solution File, Format Version 12.00
# Visual Studio 15
VisualStudioVersion = 15.0.27703.2035
MinimumVisualStudioVersion = 10.0.40219.1
Project("{FAE04EC0-301F-11D3-BF4B-00C04F79EFBC}") = "LES_passagens_areas", "LES_passagens_areas\LES_passagens_areas.csproj", "{210D3C2B-ECD8-401A-B7B2-2A2C6F2F091F}"
EndProject
Global
	GlobalSection(SolutionConfigurationPlatforms) = preSolution
		Debug|Any CPU = Debug|Any CPU
		Release|Any CPU = Release|Any CPU
	EndGlobalSection
	GlobalSection(ProjectConfigurationPlatforms) = postSolution
		{210D3C2B-ECD8-401A-B7B2-2A2C6F2F091F}.Debug|Any CPU.ActiveCfg = Debug|Any CPU
		{210D3C2B-ECD8-401A-B7B2-2A2C6F2F091F}.Debug|Any CPU.Build.0 = Debug|Any CPU
		{210D3C2B-ECD8-401A-B7B2-2A2C6F2F091F}.Release|Any CPU.ActiveCfg = Release|Any CPU
		{210D3C2B-ECD8-401A-B7B2-2A2C6F2F091F}.Release|Any CPU.Build.0 = Release|Any CPU
	EndGlobalSection
	GlobalSection(SolutionProperties) = preSolution
		HideSolutionNode = FALSE
	EndGlobalSection
	GlobalSection(ExtensibilityGlobals) = postSolution
		SolutionGuid = {1103C3AD-CD98-4911-86EC-66846EA2FA92}
	EndGlobalSection
EndGlobal
