
Microsoft Visual Studio Solution File, Format Version 12.00
# Visual Studio Version 16
VisualStudioVersion = 16.0.29319.158
MinimumVisualStudioVersion = 10.0.40219.1
Project("{9A19103F-16F7-4668-BE54-9A1E7A4F7556}") = "LES_passagens_areas", "LES_passagens_areas\LES_passagens_areas.csproj", "{210D3C2B-ECD8-401A-B7B2-2A2C6F2F091F}"
EndProject
Project("{9A19103F-16F7-4668-BE54-9A1E7A4F7556}") = "Dominio", "Dominio\Dominio.csproj", "{8D2D1E6B-5464-46AA-9722-24969A6A63E2}"
EndProject
Project("{9A19103F-16F7-4668-BE54-9A1E7A4F7556}") = "Core", "Core\Core.csproj", "{153E4B50-0E2E-4A50-A0CC-14146B331B0F}"
EndProject
Project("{FAE04EC0-301F-11D3-BF4B-00C04F79EFBC}") = "App_LES_passagens_areas.UWP", "App_LES_passagens_areas\App_LES_passagens_areas.UWP\App_LES_passagens_areas.UWP.csproj", "{95292605-834B-480B-8422-725C49C7F524}"
EndProject
Project("{FAE04EC0-301F-11D3-BF4B-00C04F79EFBC}") = "App_LES_passagens_areas.Android", "App_LES_passagens_areas\App_LES_passagens_areas.Android\App_LES_passagens_areas.Android.csproj", "{E025BF3B-19C6-4456-9C50-4B78E89B4687}"
EndProject
Project("{FAE04EC0-301F-11D3-BF4B-00C04F79EFBC}") = "App_LES_passagens_areas.iOS", "App_LES_passagens_areas\App_LES_passagens_areas.iOS\App_LES_passagens_areas.iOS.csproj", "{309FF079-0677-4774-9FDC-A674FB6694DD}"
EndProject
Project("{FAE04EC0-301F-11D3-BF4B-00C04F79EFBC}") = "App_LES_passagens_areas", "App_LES_passagens_areas\App_LES_passagens_areas\App_LES_passagens_areas.csproj", "{F446593D-A037-4DF4-9B2D-FB5ED4FD706E}"
EndProject
Global
	GlobalSection(SolutionConfigurationPlatforms) = preSolution
		Debug|Any CPU = Debug|Any CPU
		Debug|ARM = Debug|ARM
		Debug|iPhone = Debug|iPhone
		Debug|iPhoneSimulator = Debug|iPhoneSimulator
		Debug|x64 = Debug|x64
		Debug|x86 = Debug|x86
		Release|Any CPU = Release|Any CPU
		Release|ARM = Release|ARM
		Release|iPhone = Release|iPhone
		Release|iPhoneSimulator = Release|iPhoneSimulator
		Release|x64 = Release|x64
		Release|x86 = Release|x86
	EndGlobalSection
	GlobalSection(ProjectConfigurationPlatforms) = postSolution
		{210D3C2B-ECD8-401A-B7B2-2A2C6F2F091F}.Debug|Any CPU.ActiveCfg = Debug|Any CPU
		{210D3C2B-ECD8-401A-B7B2-2A2C6F2F091F}.Debug|Any CPU.Build.0 = Debug|Any CPU
		{210D3C2B-ECD8-401A-B7B2-2A2C6F2F091F}.Debug|ARM.ActiveCfg = Debug|Any CPU
		{210D3C2B-ECD8-401A-B7B2-2A2C6F2F091F}.Debug|ARM.Build.0 = Debug|Any CPU
		{210D3C2B-ECD8-401A-B7B2-2A2C6F2F091F}.Debug|iPhone.ActiveCfg = Debug|Any CPU
		{210D3C2B-ECD8-401A-B7B2-2A2C6F2F091F}.Debug|iPhone.Build.0 = Debug|Any CPU
		{210D3C2B-ECD8-401A-B7B2-2A2C6F2F091F}.Debug|iPhoneSimulator.ActiveCfg = Debug|Any CPU
		{210D3C2B-ECD8-401A-B7B2-2A2C6F2F091F}.Debug|iPhoneSimulator.Build.0 = Debug|Any CPU
		{210D3C2B-ECD8-401A-B7B2-2A2C6F2F091F}.Debug|x64.ActiveCfg = Debug|Any CPU
		{210D3C2B-ECD8-401A-B7B2-2A2C6F2F091F}.Debug|x64.Build.0 = Debug|Any CPU
		{210D3C2B-ECD8-401A-B7B2-2A2C6F2F091F}.Debug|x86.ActiveCfg = Debug|Any CPU
		{210D3C2B-ECD8-401A-B7B2-2A2C6F2F091F}.Debug|x86.Build.0 = Debug|Any CPU
		{210D3C2B-ECD8-401A-B7B2-2A2C6F2F091F}.Release|Any CPU.ActiveCfg = Release|Any CPU
		{210D3C2B-ECD8-401A-B7B2-2A2C6F2F091F}.Release|Any CPU.Build.0 = Release|Any CPU
		{210D3C2B-ECD8-401A-B7B2-2A2C6F2F091F}.Release|ARM.ActiveCfg = Release|Any CPU
		{210D3C2B-ECD8-401A-B7B2-2A2C6F2F091F}.Release|ARM.Build.0 = Release|Any CPU
		{210D3C2B-ECD8-401A-B7B2-2A2C6F2F091F}.Release|iPhone.ActiveCfg = Release|Any CPU
		{210D3C2B-ECD8-401A-B7B2-2A2C6F2F091F}.Release|iPhone.Build.0 = Release|Any CPU
		{210D3C2B-ECD8-401A-B7B2-2A2C6F2F091F}.Release|iPhoneSimulator.ActiveCfg = Release|Any CPU
		{210D3C2B-ECD8-401A-B7B2-2A2C6F2F091F}.Release|iPhoneSimulator.Build.0 = Release|Any CPU
		{210D3C2B-ECD8-401A-B7B2-2A2C6F2F091F}.Release|x64.ActiveCfg = Release|Any CPU
		{210D3C2B-ECD8-401A-B7B2-2A2C6F2F091F}.Release|x64.Build.0 = Release|Any CPU
		{210D3C2B-ECD8-401A-B7B2-2A2C6F2F091F}.Release|x86.ActiveCfg = Release|Any CPU
		{210D3C2B-ECD8-401A-B7B2-2A2C6F2F091F}.Release|x86.Build.0 = Release|Any CPU
		{8D2D1E6B-5464-46AA-9722-24969A6A63E2}.Debug|Any CPU.ActiveCfg = Debug|Any CPU
		{8D2D1E6B-5464-46AA-9722-24969A6A63E2}.Debug|Any CPU.Build.0 = Debug|Any CPU
		{8D2D1E6B-5464-46AA-9722-24969A6A63E2}.Debug|ARM.ActiveCfg = Debug|Any CPU
		{8D2D1E6B-5464-46AA-9722-24969A6A63E2}.Debug|ARM.Build.0 = Debug|Any CPU
		{8D2D1E6B-5464-46AA-9722-24969A6A63E2}.Debug|iPhone.ActiveCfg = Debug|Any CPU
		{8D2D1E6B-5464-46AA-9722-24969A6A63E2}.Debug|iPhone.Build.0 = Debug|Any CPU
		{8D2D1E6B-5464-46AA-9722-24969A6A63E2}.Debug|iPhoneSimulator.ActiveCfg = Debug|Any CPU
		{8D2D1E6B-5464-46AA-9722-24969A6A63E2}.Debug|iPhoneSimulator.Build.0 = Debug|Any CPU
		{8D2D1E6B-5464-46AA-9722-24969A6A63E2}.Debug|x64.ActiveCfg = Debug|Any CPU
		{8D2D1E6B-5464-46AA-9722-24969A6A63E2}.Debug|x64.Build.0 = Debug|Any CPU
		{8D2D1E6B-5464-46AA-9722-24969A6A63E2}.Debug|x86.ActiveCfg = Debug|Any CPU
		{8D2D1E6B-5464-46AA-9722-24969A6A63E2}.Debug|x86.Build.0 = Debug|Any CPU
		{8D2D1E6B-5464-46AA-9722-24969A6A63E2}.Release|Any CPU.ActiveCfg = Release|Any CPU
		{8D2D1E6B-5464-46AA-9722-24969A6A63E2}.Release|Any CPU.Build.0 = Release|Any CPU
		{8D2D1E6B-5464-46AA-9722-24969A6A63E2}.Release|ARM.ActiveCfg = Release|Any CPU
		{8D2D1E6B-5464-46AA-9722-24969A6A63E2}.Release|ARM.Build.0 = Release|Any CPU
		{8D2D1E6B-5464-46AA-9722-24969A6A63E2}.Release|iPhone.ActiveCfg = Release|Any CPU
		{8D2D1E6B-5464-46AA-9722-24969A6A63E2}.Release|iPhone.Build.0 = Release|Any CPU
		{8D2D1E6B-5464-46AA-9722-24969A6A63E2}.Release|iPhoneSimulator.ActiveCfg = Release|Any CPU
		{8D2D1E6B-5464-46AA-9722-24969A6A63E2}.Release|iPhoneSimulator.Build.0 = Release|Any CPU
		{8D2D1E6B-5464-46AA-9722-24969A6A63E2}.Release|x64.ActiveCfg = Release|Any CPU
		{8D2D1E6B-5464-46AA-9722-24969A6A63E2}.Release|x64.Build.0 = Release|Any CPU
		{8D2D1E6B-5464-46AA-9722-24969A6A63E2}.Release|x86.ActiveCfg = Release|Any CPU
		{8D2D1E6B-5464-46AA-9722-24969A6A63E2}.Release|x86.Build.0 = Release|Any CPU
		{153E4B50-0E2E-4A50-A0CC-14146B331B0F}.Debug|Any CPU.ActiveCfg = Debug|Any CPU
		{153E4B50-0E2E-4A50-A0CC-14146B331B0F}.Debug|Any CPU.Build.0 = Debug|Any CPU
		{153E4B50-0E2E-4A50-A0CC-14146B331B0F}.Debug|ARM.ActiveCfg = Debug|Any CPU
		{153E4B50-0E2E-4A50-A0CC-14146B331B0F}.Debug|ARM.Build.0 = Debug|Any CPU
		{153E4B50-0E2E-4A50-A0CC-14146B331B0F}.Debug|iPhone.ActiveCfg = Debug|Any CPU
		{153E4B50-0E2E-4A50-A0CC-14146B331B0F}.Debug|iPhone.Build.0 = Debug|Any CPU
		{153E4B50-0E2E-4A50-A0CC-14146B331B0F}.Debug|iPhoneSimulator.ActiveCfg = Debug|Any CPU
		{153E4B50-0E2E-4A50-A0CC-14146B331B0F}.Debug|iPhoneSimulator.Build.0 = Debug|Any CPU
		{153E4B50-0E2E-4A50-A0CC-14146B331B0F}.Debug|x64.ActiveCfg = Debug|Any CPU
		{153E4B50-0E2E-4A50-A0CC-14146B331B0F}.Debug|x64.Build.0 = Debug|Any CPU
		{153E4B50-0E2E-4A50-A0CC-14146B331B0F}.Debug|x86.ActiveCfg = Debug|Any CPU
		{153E4B50-0E2E-4A50-A0CC-14146B331B0F}.Debug|x86.Build.0 = Debug|Any CPU
		{153E4B50-0E2E-4A50-A0CC-14146B331B0F}.Release|Any CPU.ActiveCfg = Release|Any CPU
		{153E4B50-0E2E-4A50-A0CC-14146B331B0F}.Release|Any CPU.Build.0 = Release|Any CPU
		{153E4B50-0E2E-4A50-A0CC-14146B331B0F}.Release|ARM.ActiveCfg = Release|Any CPU
		{153E4B50-0E2E-4A50-A0CC-14146B331B0F}.Release|ARM.Build.0 = Release|Any CPU
		{153E4B50-0E2E-4A50-A0CC-14146B331B0F}.Release|iPhone.ActiveCfg = Release|Any CPU
		{153E4B50-0E2E-4A50-A0CC-14146B331B0F}.Release|iPhone.Build.0 = Release|Any CPU
		{153E4B50-0E2E-4A50-A0CC-14146B331B0F}.Release|iPhoneSimulator.ActiveCfg = Release|Any CPU
		{153E4B50-0E2E-4A50-A0CC-14146B331B0F}.Release|iPhoneSimulator.Build.0 = Release|Any CPU
		{153E4B50-0E2E-4A50-A0CC-14146B331B0F}.Release|x64.ActiveCfg = Release|Any CPU
		{153E4B50-0E2E-4A50-A0CC-14146B331B0F}.Release|x64.Build.0 = Release|Any CPU
		{153E4B50-0E2E-4A50-A0CC-14146B331B0F}.Release|x86.ActiveCfg = Release|Any CPU
		{153E4B50-0E2E-4A50-A0CC-14146B331B0F}.Release|x86.Build.0 = Release|Any CPU
		{95292605-834B-480B-8422-725C49C7F524}.Debug|Any CPU.ActiveCfg = Debug|x86
		{95292605-834B-480B-8422-725C49C7F524}.Debug|ARM.ActiveCfg = Debug|ARM
		{95292605-834B-480B-8422-725C49C7F524}.Debug|ARM.Build.0 = Debug|ARM
		{95292605-834B-480B-8422-725C49C7F524}.Debug|ARM.Deploy.0 = Debug|ARM
		{95292605-834B-480B-8422-725C49C7F524}.Debug|iPhone.ActiveCfg = Debug|x86
		{95292605-834B-480B-8422-725C49C7F524}.Debug|iPhoneSimulator.ActiveCfg = Debug|x86
		{95292605-834B-480B-8422-725C49C7F524}.Debug|x64.ActiveCfg = Debug|x64
		{95292605-834B-480B-8422-725C49C7F524}.Debug|x64.Build.0 = Debug|x64
		{95292605-834B-480B-8422-725C49C7F524}.Debug|x64.Deploy.0 = Debug|x64
		{95292605-834B-480B-8422-725C49C7F524}.Debug|x86.ActiveCfg = Debug|x86
		{95292605-834B-480B-8422-725C49C7F524}.Debug|x86.Build.0 = Debug|x86
		{95292605-834B-480B-8422-725C49C7F524}.Debug|x86.Deploy.0 = Debug|x86
		{95292605-834B-480B-8422-725C49C7F524}.Release|Any CPU.ActiveCfg = Release|x86
		{95292605-834B-480B-8422-725C49C7F524}.Release|ARM.ActiveCfg = Release|ARM
		{95292605-834B-480B-8422-725C49C7F524}.Release|ARM.Build.0 = Release|ARM
		{95292605-834B-480B-8422-725C49C7F524}.Release|ARM.Deploy.0 = Release|ARM
		{95292605-834B-480B-8422-725C49C7F524}.Release|iPhone.ActiveCfg = Release|x86
		{95292605-834B-480B-8422-725C49C7F524}.Release|iPhoneSimulator.ActiveCfg = Release|x86
		{95292605-834B-480B-8422-725C49C7F524}.Release|x64.ActiveCfg = Release|x64
		{95292605-834B-480B-8422-725C49C7F524}.Release|x64.Build.0 = Release|x64
		{95292605-834B-480B-8422-725C49C7F524}.Release|x64.Deploy.0 = Release|x64
		{95292605-834B-480B-8422-725C49C7F524}.Release|x86.ActiveCfg = Release|x86
		{95292605-834B-480B-8422-725C49C7F524}.Release|x86.Build.0 = Release|x86
		{95292605-834B-480B-8422-725C49C7F524}.Release|x86.Deploy.0 = Release|x86
		{E025BF3B-19C6-4456-9C50-4B78E89B4687}.Debug|Any CPU.ActiveCfg = Debug|Any CPU
		{E025BF3B-19C6-4456-9C50-4B78E89B4687}.Debug|Any CPU.Build.0 = Debug|Any CPU
		{E025BF3B-19C6-4456-9C50-4B78E89B4687}.Debug|Any CPU.Deploy.0 = Debug|Any CPU
		{E025BF3B-19C6-4456-9C50-4B78E89B4687}.Debug|ARM.ActiveCfg = Debug|Any CPU
		{E025BF3B-19C6-4456-9C50-4B78E89B4687}.Debug|ARM.Build.0 = Debug|Any CPU
		{E025BF3B-19C6-4456-9C50-4B78E89B4687}.Debug|ARM.Deploy.0 = Debug|Any CPU
		{E025BF3B-19C6-4456-9C50-4B78E89B4687}.Debug|iPhone.ActiveCfg = Debug|Any CPU
		{E025BF3B-19C6-4456-9C50-4B78E89B4687}.Debug|iPhone.Build.0 = Debug|Any CPU
		{E025BF3B-19C6-4456-9C50-4B78E89B4687}.Debug|iPhone.Deploy.0 = Debug|Any CPU
		{E025BF3B-19C6-4456-9C50-4B78E89B4687}.Debug|iPhoneSimulator.ActiveCfg = Debug|Any CPU
		{E025BF3B-19C6-4456-9C50-4B78E89B4687}.Debug|iPhoneSimulator.Build.0 = Debug|Any CPU
		{E025BF3B-19C6-4456-9C50-4B78E89B4687}.Debug|iPhoneSimulator.Deploy.0 = Debug|Any CPU
		{E025BF3B-19C6-4456-9C50-4B78E89B4687}.Debug|x64.ActiveCfg = Debug|Any CPU
		{E025BF3B-19C6-4456-9C50-4B78E89B4687}.Debug|x64.Build.0 = Debug|Any CPU
		{E025BF3B-19C6-4456-9C50-4B78E89B4687}.Debug|x64.Deploy.0 = Debug|Any CPU
		{E025BF3B-19C6-4456-9C50-4B78E89B4687}.Debug|x86.ActiveCfg = Debug|Any CPU
		{E025BF3B-19C6-4456-9C50-4B78E89B4687}.Debug|x86.Build.0 = Debug|Any CPU
		{E025BF3B-19C6-4456-9C50-4B78E89B4687}.Debug|x86.Deploy.0 = Debug|Any CPU
		{E025BF3B-19C6-4456-9C50-4B78E89B4687}.Release|Any CPU.ActiveCfg = Release|Any CPU
		{E025BF3B-19C6-4456-9C50-4B78E89B4687}.Release|Any CPU.Build.0 = Release|Any CPU
		{E025BF3B-19C6-4456-9C50-4B78E89B4687}.Release|Any CPU.Deploy.0 = Release|Any CPU
		{E025BF3B-19C6-4456-9C50-4B78E89B4687}.Release|ARM.ActiveCfg = Release|Any CPU
		{E025BF3B-19C6-4456-9C50-4B78E89B4687}.Release|ARM.Build.0 = Release|Any CPU
		{E025BF3B-19C6-4456-9C50-4B78E89B4687}.Release|ARM.Deploy.0 = Release|Any CPU
		{E025BF3B-19C6-4456-9C50-4B78E89B4687}.Release|iPhone.ActiveCfg = Release|Any CPU
		{E025BF3B-19C6-4456-9C50-4B78E89B4687}.Release|iPhone.Build.0 = Release|Any CPU
		{E025BF3B-19C6-4456-9C50-4B78E89B4687}.Release|iPhone.Deploy.0 = Release|Any CPU
		{E025BF3B-19C6-4456-9C50-4B78E89B4687}.Release|iPhoneSimulator.ActiveCfg = Release|Any CPU
		{E025BF3B-19C6-4456-9C50-4B78E89B4687}.Release|iPhoneSimulator.Build.0 = Release|Any CPU
		{E025BF3B-19C6-4456-9C50-4B78E89B4687}.Release|iPhoneSimulator.Deploy.0 = Release|Any CPU
		{E025BF3B-19C6-4456-9C50-4B78E89B4687}.Release|x64.ActiveCfg = Release|Any CPU
		{E025BF3B-19C6-4456-9C50-4B78E89B4687}.Release|x64.Build.0 = Release|Any CPU
		{E025BF3B-19C6-4456-9C50-4B78E89B4687}.Release|x64.Deploy.0 = Release|Any CPU
		{E025BF3B-19C6-4456-9C50-4B78E89B4687}.Release|x86.ActiveCfg = Release|Any CPU
		{E025BF3B-19C6-4456-9C50-4B78E89B4687}.Release|x86.Build.0 = Release|Any CPU
		{E025BF3B-19C6-4456-9C50-4B78E89B4687}.Release|x86.Deploy.0 = Release|Any CPU
		{309FF079-0677-4774-9FDC-A674FB6694DD}.Debug|Any CPU.ActiveCfg = Debug|iPhone
		{309FF079-0677-4774-9FDC-A674FB6694DD}.Debug|ARM.ActiveCfg = Debug|iPhone
		{309FF079-0677-4774-9FDC-A674FB6694DD}.Debug|iPhone.ActiveCfg = Debug|iPhone
		{309FF079-0677-4774-9FDC-A674FB6694DD}.Debug|iPhone.Build.0 = Debug|iPhone
		{309FF079-0677-4774-9FDC-A674FB6694DD}.Debug|iPhoneSimulator.ActiveCfg = Debug|iPhoneSimulator
		{309FF079-0677-4774-9FDC-A674FB6694DD}.Debug|iPhoneSimulator.Build.0 = Debug|iPhoneSimulator
		{309FF079-0677-4774-9FDC-A674FB6694DD}.Debug|x64.ActiveCfg = Debug|iPhone
		{309FF079-0677-4774-9FDC-A674FB6694DD}.Debug|x86.ActiveCfg = Debug|iPhone
		{309FF079-0677-4774-9FDC-A674FB6694DD}.Release|Any CPU.ActiveCfg = Release|iPhone
		{309FF079-0677-4774-9FDC-A674FB6694DD}.Release|ARM.ActiveCfg = Release|iPhone
		{309FF079-0677-4774-9FDC-A674FB6694DD}.Release|iPhone.ActiveCfg = Release|iPhone
		{309FF079-0677-4774-9FDC-A674FB6694DD}.Release|iPhone.Build.0 = Release|iPhone
		{309FF079-0677-4774-9FDC-A674FB6694DD}.Release|iPhoneSimulator.ActiveCfg = Release|iPhoneSimulator
		{309FF079-0677-4774-9FDC-A674FB6694DD}.Release|iPhoneSimulator.Build.0 = Release|iPhoneSimulator
		{309FF079-0677-4774-9FDC-A674FB6694DD}.Release|x64.ActiveCfg = Release|iPhone
		{309FF079-0677-4774-9FDC-A674FB6694DD}.Release|x86.ActiveCfg = Release|iPhone
		{F446593D-A037-4DF4-9B2D-FB5ED4FD706E}.Debug|Any CPU.ActiveCfg = Debug|Any CPU
		{F446593D-A037-4DF4-9B2D-FB5ED4FD706E}.Debug|Any CPU.Build.0 = Debug|Any CPU
		{F446593D-A037-4DF4-9B2D-FB5ED4FD706E}.Debug|ARM.ActiveCfg = Debug|Any CPU
		{F446593D-A037-4DF4-9B2D-FB5ED4FD706E}.Debug|ARM.Build.0 = Debug|Any CPU
		{F446593D-A037-4DF4-9B2D-FB5ED4FD706E}.Debug|iPhone.ActiveCfg = Debug|Any CPU
		{F446593D-A037-4DF4-9B2D-FB5ED4FD706E}.Debug|iPhone.Build.0 = Debug|Any CPU
		{F446593D-A037-4DF4-9B2D-FB5ED4FD706E}.Debug|iPhoneSimulator.ActiveCfg = Debug|Any CPU
		{F446593D-A037-4DF4-9B2D-FB5ED4FD706E}.Debug|iPhoneSimulator.Build.0 = Debug|Any CPU
		{F446593D-A037-4DF4-9B2D-FB5ED4FD706E}.Debug|x64.ActiveCfg = Debug|Any CPU
		{F446593D-A037-4DF4-9B2D-FB5ED4FD706E}.Debug|x64.Build.0 = Debug|Any CPU
		{F446593D-A037-4DF4-9B2D-FB5ED4FD706E}.Debug|x86.ActiveCfg = Debug|Any CPU
		{F446593D-A037-4DF4-9B2D-FB5ED4FD706E}.Debug|x86.Build.0 = Debug|Any CPU
		{F446593D-A037-4DF4-9B2D-FB5ED4FD706E}.Release|Any CPU.ActiveCfg = Release|Any CPU
		{F446593D-A037-4DF4-9B2D-FB5ED4FD706E}.Release|Any CPU.Build.0 = Release|Any CPU
		{F446593D-A037-4DF4-9B2D-FB5ED4FD706E}.Release|ARM.ActiveCfg = Release|Any CPU
		{F446593D-A037-4DF4-9B2D-FB5ED4FD706E}.Release|ARM.Build.0 = Release|Any CPU
		{F446593D-A037-4DF4-9B2D-FB5ED4FD706E}.Release|iPhone.ActiveCfg = Release|Any CPU
		{F446593D-A037-4DF4-9B2D-FB5ED4FD706E}.Release|iPhone.Build.0 = Release|Any CPU
		{F446593D-A037-4DF4-9B2D-FB5ED4FD706E}.Release|iPhoneSimulator.ActiveCfg = Release|Any CPU
		{F446593D-A037-4DF4-9B2D-FB5ED4FD706E}.Release|iPhoneSimulator.Build.0 = Release|Any CPU
		{F446593D-A037-4DF4-9B2D-FB5ED4FD706E}.Release|x64.ActiveCfg = Release|Any CPU
		{F446593D-A037-4DF4-9B2D-FB5ED4FD706E}.Release|x64.Build.0 = Release|Any CPU
		{F446593D-A037-4DF4-9B2D-FB5ED4FD706E}.Release|x86.ActiveCfg = Release|Any CPU
		{F446593D-A037-4DF4-9B2D-FB5ED4FD706E}.Release|x86.Build.0 = Release|Any CPU
	EndGlobalSection
	GlobalSection(SolutionProperties) = preSolution
		HideSolutionNode = FALSE
	EndGlobalSection
	GlobalSection(ExtensibilityGlobals) = postSolution
		SolutionGuid = {1103C3AD-CD98-4911-86EC-66846EA2FA92}
	EndGlobalSection
EndGlobal
